
Microsoft Visual Studio Solution File, Format Version 12.00
# Visual Studio Version 17
VisualStudioVersion = 17.9.34723.18
MinimumVisualStudioVersion = 10.0.40219.1
Project("{9A19103F-16F7-4668-BE54-9A1E7A4F7556}") = "ReversiGame", "ReversiGame\ReversiGame.csproj", "{AF1C2B9A-0FC0-49B2-98CD-0AD44ABDDB26}"
EndProject
Project("{FAE04EC0-301F-11D3-BF4B-00C04F79EFBC}") = "ReversiTest", "ReversiTest\ReversiTest.csproj", "{6F6C18AD-7693-4808-BB24-88B3E68DAACF}"
EndProject
Global
	GlobalSection(SolutionConfigurationPlatforms) = preSolution
		Debug|Any CPU = Debug|Any CPU
		Release|Any CPU = Release|Any CPU
	EndGlobalSection
	GlobalSection(ProjectConfigurationPlatforms) = postSolution
		{AF1C2B9A-0FC0-49B2-98CD-0AD44ABDDB26}.Debug|Any CPU.ActiveCfg = Debug|Any CPU
		{AF1C2B9A-0FC0-49B2-98CD-0AD44ABDDB26}.Debug|Any CPU.Build.0 = Debug|Any CPU
		{AF1C2B9A-0FC0-49B2-98CD-0AD44ABDDB26}.Release|Any CPU.ActiveCfg = Release|Any CPU
		{AF1C2B9A-0FC0-49B2-98CD-0AD44ABDDB26}.Release|Any CPU.Build.0 = Release|Any CPU
		{6F6C18AD-7693-4808-BB24-88B3E68DAACF}.Debug|Any CPU.ActiveCfg = Debug|Any CPU
		{6F6C18AD-7693-4808-BB24-88B3E68DAACF}.Debug|Any CPU.Build.0 = Debug|Any CPU
		{6F6C18AD-7693-4808-BB24-88B3E68DAACF}.Release|Any CPU.ActiveCfg = Release|Any CPU
		{6F6C18AD-7693-4808-BB24-88B3E68DAACF}.Release|Any CPU.Build.0 = Release|Any CPU
	EndGlobalSection
	GlobalSection(SolutionProperties) = preSolution
		HideSolutionNode = FALSE
	EndGlobalSection
	GlobalSection(ExtensibilityGlobals) = postSolution
		SolutionGuid = {7D9249ED-97CD-4265-9AB6-1E1454ED1467}
	EndGlobalSection
EndGlobal
